
Microsoft Visual Studio Solution File, Format Version 12.00
# Visual Studio Version 16
VisualStudioVersion = 16.0.29519.181
MinimumVisualStudioVersion = 10.0.40219.1
Project("{FAE04EC0-301F-11D3-BF4B-00C04F79EFBC}") = "SfRedis", "SfRedis.csproj", "{AB6DD4FF-E03A-4DE5-9C4E-130F6719901B}"
EndProject
Global
	GlobalSection(SolutionConfigurationPlatforms) = preSolution
		Debug|Any CPU = Debug|Any CPU
		Release|Any CPU = Release|Any CPU
	EndGlobalSection
	GlobalSection(ProjectConfigurationPlatforms) = postSolution
		{AB6DD4FF-E03A-4DE5-9C4E-130F6719901B}.Debug|Any CPU.ActiveCfg = Debug|Any CPU
		{AB6DD4FF-E03A-4DE5-9C4E-130F6719901B}.Debug|Any CPU.Build.0 = Debug|Any CPU
		{AB6DD4FF-E03A-4DE5-9C4E-130F6719901B}.Release|Any CPU.ActiveCfg = Release|Any CPU
		{AB6DD4FF-E03A-4DE5-9C4E-130F6719901B}.Release|Any CPU.Build.0 = Release|Any CPU
	EndGlobalSection
	GlobalSection(SolutionProperties) = preSolution
		HideSolutionNode = FALSE
	EndGlobalSection
	GlobalSection(ExtensibilityGlobals) = postSolution
		SolutionGuid = {CAC7D4DC-BDA5-4616-89F7-F4F15578B51B}
	EndGlobalSection
EndGlobal
